<?xml version="1.0" encoding="utf-8"?>
<Project ToolsVersion="4.0" xmlns="http://schemas.microsoft.com/developer/msbuild/2003">
  <ItemGroup>
    <Filter Include="Core">
      <UniqueIdentifier>{4FC737F1-C7A5-4376-A066-2A32D752A2FF}</UniqueIdentifier>
      <Extensions>cpp;c;cc;cxx;def;odl;idl;hpj;bat;asm;asmx</Extensions>
    </Filter>
    <Filter Include="Core\Modules">
      <UniqueIdentifier>{64b82488-a764-43d2-9f35-ad5f4225ba5c}</UniqueIdentifier>
    </Filter>
    <Filter Include="Core\Tools">
      <UniqueIdentifier>{7339ea43-24ce-42c1-adb1-ce02c35633fd}</UniqueIdentifier>
    </Filter>
    <Filter Include="Core\Containers">
      <UniqueIdentifier>{b96e8b00-7206-4951-a8ff-1d31834e32a0}</UniqueIdentifier>
    </Filter>
    <Filter Include="Core\Helpers">
      <UniqueIdentifier>{704aff7c-bb39-4d69-a12a-344edd397b6b}</UniqueIdentifier>
    </Filter>
    <Filter Include="Core\3Party">
      <UniqueIdentifier>{4e6c73c5-1358-467f-97ff-53e23a15caeb}</UniqueIdentifier>
    </Filter>
    <Filter Include="Core\3Party\ImGui">
      <UniqueIdentifier>{bfb84631-9c1a-40ca-b2a4-30a404e71a9d}</UniqueIdentifier>
    </Filter>
    <Filter Include="Core\UI">
      <UniqueIdentifier>{5b7ab48d-03d8-44ca-b2f5-9a9541651abc}</UniqueIdentifier>
    </Filter>
    <Filter Include="Core\Scenes">
      <UniqueIdentifier>{7a676fa3-cb6a-4b46-b973-0763131fc471}</UniqueIdentifier>
    </Filter>
    <Filter Include="Core\GameObjects">
      <UniqueIdentifier>{a4d7cfa8-4498-4204-867f-a9acae681882}</UniqueIdentifier>
    </Filter>
    <Filter Include="Core\GameObjects\Components">
      <UniqueIdentifier>{83993b50-fe3d-429a-b80b-5574287b5911}</UniqueIdentifier>
    </Filter>
    <Filter Include="Core\ResourceManagement">
      <UniqueIdentifier>{c3014f0c-db72-40ac-abf1-747fc856cd1f}</UniqueIdentifier>
    </Filter>
    <Filter Include="Core\ResourceManagement\Importers">
      <UniqueIdentifier>{1817c93f-646b-4c51-820f-ffdf514c59d6}</UniqueIdentifier>
    </Filter>
    <Filter Include="Core\ResourceManagement\Resources">
      <UniqueIdentifier>{28ee5cda-3881-46f8-883b-2c2151216319}</UniqueIdentifier>
    </Filter>
    <Filter Include="Core\3Party\Math">
      <UniqueIdentifier>{e3e74c8b-7a51-4724-8e74-7f27965643db}</UniqueIdentifier>
    </Filter>
    <Filter Include="Core\3Party\Math\MathGeoLib">
      <UniqueIdentifier>{7ca2db48-d5f5-4348-bf26-ba414f847344}</UniqueIdentifier>
    </Filter>
    <Filter Include="Core\3Party\Math\MathGeoLib\Geometry">
      <UniqueIdentifier>{735057c5-7f50-435c-bfbe-64d2601d8696}</UniqueIdentifier>
    </Filter>
    <Filter Include="Core\3Party\Math\MathGeoLib\Math">
      <UniqueIdentifier>{642d43c1-12f1-4930-91f9-6cb70cd62d05}</UniqueIdentifier>
    </Filter>
    <Filter Include="Core\3Party\Math\MathGeoLib\Time">
      <UniqueIdentifier>{8867960a-c4cf-4a57-9acf-cab01c3267b0}</UniqueIdentifier>
    </Filter>
    <Filter Include="Core\3Party\Math\MathGeoLib\Algorithm">
      <UniqueIdentifier>{05a50fe0-db2c-472a-b8fa-652c2527e4e9}</UniqueIdentifier>
    </Filter>
    <Filter Include="Core\3Party\Math\MathGeoLib\Algorithm\Random">
      <UniqueIdentifier>{2d8f994c-3dd8-4c92-8d84-8cc5d2966403}</UniqueIdentifier>
    </Filter>
    <Filter Include="Core\MAIN">
      <UniqueIdentifier>{e8a6f1b9-ee91-472d-a10a-82b857c25408}</UniqueIdentifier>
    </Filter>
    <Filter Include="Core\3Party\parson">
      <UniqueIdentifier>{5c7a4122-7566-4ffe-bff6-fe66757a8612}</UniqueIdentifier>
    </Filter>
  </ItemGroup>
  <ItemGroup>
    <ClCompile Include="ModuleAudio.cpp">
      <Filter>Core\Modules</Filter>
    </ClCompile>
    <ClCompile Include="ModuleCamera3D.cpp">
      <Filter>Core\Modules</Filter>
    </ClCompile>
    <ClCompile Include="ModuleInput.cpp">
      <Filter>Core\Modules</Filter>
    </ClCompile>
    <ClCompile Include="ModulePhysics3D.cpp">
      <Filter>Core\Modules</Filter>
    </ClCompile>
    <ClCompile Include="ModuleRenderer3D.cpp">
      <Filter>Core\Modules</Filter>
    </ClCompile>
    <ClCompile Include="ModuleWindow.cpp">
      <Filter>Core\Modules</Filter>
    </ClCompile>
    <ClCompile Include="Color.cpp">
      <Filter>Core\Containers</Filter>
    </ClCompile>
    <ClCompile Include="glmath.cpp">
      <Filter>Core\Containers</Filter>
    </ClCompile>
    <ClCompile Include="Light.cpp">
      <Filter>Core\Helpers</Filter>
    </ClCompile>
    <ClCompile Include="PhysBody3D.cpp">
      <Filter>Core\Helpers</Filter>
    </ClCompile>
    <ClCompile Include="Primitive.cpp">
      <Filter>Core\Helpers</Filter>
    </ClCompile>
    <ClCompile Include="Timer.cpp">
      <Filter>Core\Tools</Filter>
    </ClCompile>
    <ClCompile Include="imGUI\imgui.cpp">
      <Filter>Core\3Party\ImGui</Filter>
    </ClCompile>
    <ClCompile Include="imGUI\imgui_demo.cpp">
      <Filter>Core\3Party\ImGui</Filter>
    </ClCompile>
    <ClCompile Include="imGUI\imgui_draw.cpp">
      <Filter>Core\3Party\ImGui</Filter>
    </ClCompile>
    <ClCompile Include="imGUI\imgui_impl_sdl_gl3.cpp">
      <Filter>Core\3Party\ImGui</Filter>
    </ClCompile>
    <ClCompile Include="ModuleEditor.cpp">
      <Filter>Core\Modules</Filter>
    </ClCompile>
    <ClCompile Include="Globals.cpp">
      <Filter>Core\Tools</Filter>
    </ClCompile>
    <ClCompile Include="UI_Comp.cpp">
      <Filter>Core\UI</Filter>
    </ClCompile>
    <ClCompile Include="UI_Conf.cpp">
      <Filter>Core\UI</Filter>
    </ClCompile>
    <ClCompile Include="ModuleFileSystem.cpp">
      <Filter>Core\Modules</Filter>
    </ClCompile>
    <ClCompile Include="UI_Console.cpp">
      <Filter>Core\UI</Filter>
    </ClCompile>
    <ClCompile Include="DrawDebug.cpp">
      <Filter>Core\Helpers</Filter>
    </ClCompile>
    <ClCompile Include="HrdInfo.cpp">
      <Filter>Core\Helpers</Filter>
    </ClCompile>
    <ClCompile Include="SceneTry.cpp">
      <Filter>Core\Scenes</Filter>
    </ClCompile>
    <ClCompile Include="GameObject.cpp">
      <Filter>Core\GameObjects</Filter>
    </ClCompile>
    <ClCompile Include="Component.cpp">
      <Filter>Core\GameObjects\Components</Filter>
    </ClCompile>
    <ClCompile Include="Mesh.cpp">
      <Filter>Core\GameObjects\Components</Filter>
    </ClCompile>
    <ClCompile Include="Material.cpp">
      <Filter>Core\GameObjects\Components</Filter>
    </ClCompile>
    <ClCompile Include="RandGen.cpp">
      <Filter>Core\Tools</Filter>
    </ClCompile>
    <ClCompile Include="MathGeoLib\include\Algorithm\Random\LCG.cpp">
      <Filter>Core\3Party\Math\MathGeoLib\Algorithm\Random</Filter>
    </ClCompile>
    <ClCompile Include="MathGeoLib\include\Geometry\AABB.cpp">
      <Filter>Core\3Party\Math\MathGeoLib\Geometry</Filter>
    </ClCompile>
    <ClCompile Include="MathGeoLib\include\Geometry\Capsule.cpp">
      <Filter>Core\3Party\Math\MathGeoLib\Geometry</Filter>
    </ClCompile>
    <ClCompile Include="MathGeoLib\include\Geometry\Circle.cpp">
      <Filter>Core\3Party\Math\MathGeoLib\Geometry</Filter>
    </ClCompile>
    <ClCompile Include="MathGeoLib\include\Geometry\Cone.cpp">
      <Filter>Core\3Party\Math\MathGeoLib\Geometry</Filter>
    </ClCompile>
    <ClCompile Include="MathGeoLib\include\Geometry\Cylinder.cpp">
      <Filter>Core\3Party\Math\MathGeoLib\Geometry</Filter>
    </ClCompile>
    <ClCompile Include="MathGeoLib\include\Geometry\Frustum.cpp">
      <Filter>Core\3Party\Math\MathGeoLib\Geometry</Filter>
    </ClCompile>
    <ClCompile Include="MathGeoLib\include\Geometry\Line.cpp">
      <Filter>Core\3Party\Math\MathGeoLib\Geometry</Filter>
    </ClCompile>
    <ClCompile Include="MathGeoLib\include\Geometry\LineSegment.cpp">
      <Filter>Core\3Party\Math\MathGeoLib\Geometry</Filter>
    </ClCompile>
    <ClCompile Include="MathGeoLib\include\Geometry\OBB.cpp">
      <Filter>Core\3Party\Math\MathGeoLib\Geometry</Filter>
    </ClCompile>
    <ClCompile Include="MathGeoLib\include\Geometry\Plane.cpp">
      <Filter>Core\3Party\Math\MathGeoLib\Geometry</Filter>
    </ClCompile>
    <ClCompile Include="MathGeoLib\include\Geometry\Polygon.cpp">
      <Filter>Core\3Party\Math\MathGeoLib\Geometry</Filter>
    </ClCompile>
    <ClCompile Include="MathGeoLib\include\Geometry\Polyhedron.cpp">
      <Filter>Core\3Party\Math\MathGeoLib\Geometry</Filter>
    </ClCompile>
    <ClCompile Include="MathGeoLib\include\Geometry\Ray.cpp">
      <Filter>Core\3Party\Math\MathGeoLib\Geometry</Filter>
    </ClCompile>
    <ClCompile Include="MathGeoLib\include\Geometry\Sphere.cpp">
      <Filter>Core\3Party\Math\MathGeoLib\Geometry</Filter>
    </ClCompile>
    <ClCompile Include="MathGeoLib\include\Geometry\Triangle.cpp">
      <Filter>Core\3Party\Math\MathGeoLib\Geometry</Filter>
    </ClCompile>
    <ClCompile Include="MathGeoLib\include\Geometry\TriangleMesh.cpp">
      <Filter>Core\3Party\Math\MathGeoLib\Geometry</Filter>
    </ClCompile>
    <ClCompile Include="MathGeoLib\include\Math\BitOps.cpp">
      <Filter>Core\3Party\Math\MathGeoLib\Math</Filter>
    </ClCompile>
    <ClCompile Include="MathGeoLib\include\Math\float2.cpp">
      <Filter>Core\3Party\Math\MathGeoLib\Math</Filter>
    </ClCompile>
    <ClCompile Include="MathGeoLib\include\Math\float3.cpp">
      <Filter>Core\3Party\Math\MathGeoLib\Math</Filter>
    </ClCompile>
    <ClCompile Include="MathGeoLib\include\Math\float3x3.cpp">
      <Filter>Core\3Party\Math\MathGeoLib\Math</Filter>
    </ClCompile>
    <ClCompile Include="MathGeoLib\include\Math\float3x4.cpp">
      <Filter>Core\3Party\Math\MathGeoLib\Math</Filter>
    </ClCompile>
    <ClCompile Include="MathGeoLib\include\Math\float4.cpp">
      <Filter>Core\3Party\Math\MathGeoLib\Math</Filter>
    </ClCompile>
    <ClCompile Include="MathGeoLib\include\Math\float4x4.cpp">
      <Filter>Core\3Party\Math\MathGeoLib\Math</Filter>
    </ClCompile>
    <ClCompile Include="MathGeoLib\include\Math\MathFunc.cpp">
      <Filter>Core\3Party\Math\MathGeoLib\Math</Filter>
    </ClCompile>
    <ClCompile Include="MathGeoLib\include\Math\MathLog.cpp">
      <Filter>Core\3Party\Math\MathGeoLib\Math</Filter>
    </ClCompile>
    <ClCompile Include="MathGeoLib\include\Math\MathOps.cpp">
      <Filter>Core\3Party\Math\MathGeoLib\Math</Filter>
    </ClCompile>
    <ClCompile Include="MathGeoLib\include\Math\Polynomial.cpp">
      <Filter>Core\3Party\Math\MathGeoLib\Math</Filter>
    </ClCompile>
    <ClCompile Include="MathGeoLib\include\Math\Quat.cpp">
      <Filter>Core\3Party\Math\MathGeoLib\Math</Filter>
    </ClCompile>
    <ClCompile Include="MathGeoLib\include\Math\SSEMath.cpp">
      <Filter>Core\3Party\Math\MathGeoLib\Math</Filter>
    </ClCompile>
    <ClCompile Include="MathGeoLib\include\Math\TransformOps.cpp">
      <Filter>Core\3Party\Math\MathGeoLib\Math</Filter>
    </ClCompile>
    <ClCompile Include="MathGeoLib\include\Time\Clock.cpp">
      <Filter>Core\3Party\Math\MathGeoLib\Time</Filter>
    </ClCompile>
    <ClCompile Include="UI_Inspector.cpp">
      <Filter>Core\UI</Filter>
    </ClCompile>
    <ClCompile Include="UI_Hierarchy.cpp">
      <Filter>Core\UI</Filter>
    </ClCompile>
    <ClCompile Include="Transform.cpp">
      <Filter>Core\GameObjects\Components</Filter>
    </ClCompile>
    <ClCompile Include="Camera.cpp">
      <Filter>Core\GameObjects\Components</Filter>
    </ClCompile>
    <ClCompile Include="JOctree.cpp">
      <Filter>Core\Containers</Filter>
    </ClCompile>
    <ClCompile Include="FileParser.cpp">
      <Filter>Core\Tools</Filter>
    </ClCompile>
    <ClCompile Include="UI_Tree.cpp">
      <Filter>Core\UI</Filter>
    </ClCompile>
    <ClCompile Include="ModuleGOManager.cpp">
      <Filter>Core\Modules</Filter>
    </ClCompile>
    <ClCompile Include="Resource.cpp">
      <Filter>Core\ResourceManagement\Resources</Filter>
    </ClCompile>
    <ClCompile Include="ResourceMesh.cpp">
      <Filter>Core\ResourceManagement\Resources</Filter>
    </ClCompile>
    <ClCompile Include="ModuleResourceManager.cpp">
      <Filter>Core\ResourceManagement</Filter>
    </ClCompile>
    <ClCompile Include="ImporterMesh.cpp">
      <Filter>Core\ResourceManagement\Importers</Filter>
    </ClCompile>
    <ClCompile Include="Importer.cpp">
      <Filter>Core\ResourceManagement\Importers</Filter>
    </ClCompile>
    <ClCompile Include="Main.cpp">
      <Filter>Core\MAIN</Filter>
    </ClCompile>
    <ClCompile Include="Application.cpp">
      <Filter>Core\MAIN</Filter>
    </ClCompile>
    <ClCompile Include="ImporterTexture.cpp">
      <Filter>Core\ResourceManagement\Importers</Filter>
    </ClCompile>
    <ClCompile Include="ResourceTexture.cpp">
      <Filter>Core\ResourceManagement\Resources</Filter>
    </ClCompile>
    <ClCompile Include="parson\parson.c">
      <Filter>Core\3Party\parson</Filter>
    </ClCompile>
    <ClCompile Include="ModuleEventSystem.cpp">
      <Filter>Core\Modules</Filter>
    </ClCompile>
    <ClCompile Include="Time.cpp">
      <Filter>Core\Tools</Filter>
    </ClCompile>
  </ItemGroup>
  <ItemGroup>
    <ClInclude Include="Module.h">
      <Filter>Core\Modules</Filter>
    </ClInclude>
    <ClInclude Include="ModuleAudio.h">
      <Filter>Core\Modules</Filter>
    </ClInclude>
    <ClInclude Include="ModuleCamera3D.h">
      <Filter>Core\Modules</Filter>
    </ClInclude>
    <ClInclude Include="ModuleInput.h">
      <Filter>Core\Modules</Filter>
    </ClInclude>
    <ClInclude Include="ModulePhysics3D.h">
      <Filter>Core\Modules</Filter>
    </ClInclude>
    <ClInclude Include="ModuleRenderer3D.h">
      <Filter>Core\Modules</Filter>
    </ClInclude>
    <ClInclude Include="ModuleWindow.h">
      <Filter>Core\Modules</Filter>
    </ClInclude>
    <ClInclude Include="Color.h">
      <Filter>Core\Containers</Filter>
    </ClInclude>
    <ClInclude Include="glmath.h">
      <Filter>Core\Containers</Filter>
    </ClInclude>
    <ClInclude Include="Light.h">
      <Filter>Core\Helpers</Filter>
    </ClInclude>
    <ClInclude Include="PhysBody3D.h">
      <Filter>Core\Helpers</Filter>
    </ClInclude>
    <ClInclude Include="Primitive.h">
      <Filter>Core\Helpers</Filter>
    </ClInclude>
    <ClInclude Include="Timer.h">
      <Filter>Core\Tools</Filter>
    </ClInclude>
    <ClInclude Include="imGUI\imconfig.h">
      <Filter>Core\3Party\ImGui</Filter>
    </ClInclude>
    <ClInclude Include="imGUI\imgui.h">
      <Filter>Core\3Party\ImGui</Filter>
    </ClInclude>
    <ClInclude Include="imGUI\imgui_impl_sdl_gl3.h">
      <Filter>Core\3Party\ImGui</Filter>
    </ClInclude>
    <ClInclude Include="imGUI\imgui_internal.h">
      <Filter>Core\3Party\ImGui</Filter>
    </ClInclude>
    <ClInclude Include="imGUI\stb_rect_pack.h">
      <Filter>Core\3Party\ImGui</Filter>
    </ClInclude>
    <ClInclude Include="imGUI\stb_textedit.h">
      <Filter>Core\3Party\ImGui</Filter>
    </ClInclude>
    <ClInclude Include="imGUI\stb_truetype.h">
      <Filter>Core\3Party\ImGui</Filter>
    </ClInclude>
    <ClInclude Include="Math.h">
      <Filter>Core\3Party\Math</Filter>
    </ClInclude>
    <ClInclude Include="OpenGL.h">
      <Filter>Core\Tools</Filter>
    </ClInclude>
    <ClInclude Include="ModuleEditor.h">
      <Filter>Core\Modules</Filter>
    </ClInclude>
    <ClInclude Include="Globals.h">
      <Filter>Core\Tools</Filter>
    </ClInclude>
    <ClInclude Include="UI_Comp.h">
      <Filter>Core\UI</Filter>
    </ClInclude>
    <ClInclude Include="UI_Conf.h">
      <Filter>Core\UI</Filter>
    </ClInclude>
    <ClInclude Include="ModuleFileSystem.h">
      <Filter>Core\Modules</Filter>
    </ClInclude>
    <ClInclude Include="UI_Console.h">
      <Filter>Core\UI</Filter>
    </ClInclude>
    <ClInclude Include="DrawDebug.h">
      <Filter>Core\Helpers</Filter>
    </ClInclude>
    <ClInclude Include="HrdInfo.h">
      <Filter>Core\Helpers</Filter>
    </ClInclude>
    <ClInclude Include="SceneTry.h">
      <Filter>Core\Scenes</Filter>
    </ClInclude>
    <ClInclude Include="GameObject.h">
      <Filter>Core\GameObjects</Filter>
    </ClInclude>
    <ClInclude Include="Component.h">
      <Filter>Core\GameObjects\Components</Filter>
    </ClInclude>
    <ClInclude Include="Mesh.h">
      <Filter>Core\GameObjects\Components</Filter>
    </ClInclude>
    <ClInclude Include="Material.h">
      <Filter>Core\GameObjects\Components</Filter>
    </ClInclude>
    <ClInclude Include="RandGen.h">
      <Filter>Core\Tools</Filter>
    </ClInclude>
    <ClInclude Include="MathGeoLib\include\Algorithm\Random\LCG.h">
      <Filter>Core\3Party\Math\MathGeoLib\Algorithm\Random</Filter>
    </ClInclude>
    <ClInclude Include="MathGeoLib\include\Geometry\AABB.h">
      <Filter>Core\3Party\Math\MathGeoLib\Geometry</Filter>
    </ClInclude>
    <ClInclude Include="MathGeoLib\include\Geometry\AABB2D.h">
      <Filter>Core\3Party\Math\MathGeoLib\Geometry</Filter>
    </ClInclude>
    <ClInclude Include="MathGeoLib\include\Geometry\Capsule.h">
      <Filter>Core\3Party\Math\MathGeoLib\Geometry</Filter>
    </ClInclude>
    <ClInclude Include="MathGeoLib\include\Geometry\Circle.h">
      <Filter>Core\3Party\Math\MathGeoLib\Geometry</Filter>
    </ClInclude>
    <ClInclude Include="MathGeoLib\include\Geometry\Cone.h">
      <Filter>Core\3Party\Math\MathGeoLib\Geometry</Filter>
    </ClInclude>
    <ClInclude Include="MathGeoLib\include\Geometry\Cylinder.h">
      <Filter>Core\3Party\Math\MathGeoLib\Geometry</Filter>
    </ClInclude>
    <ClInclude Include="MathGeoLib\include\Geometry\Frustum.h">
      <Filter>Core\3Party\Math\MathGeoLib\Geometry</Filter>
    </ClInclude>
    <ClInclude Include="MathGeoLib\include\Geometry\GeometryAll.h">
      <Filter>Core\3Party\Math\MathGeoLib\Geometry</Filter>
    </ClInclude>
    <ClInclude Include="MathGeoLib\include\Geometry\GeomType.h">
      <Filter>Core\3Party\Math\MathGeoLib\Geometry</Filter>
    </ClInclude>
    <ClInclude Include="MathGeoLib\include\Geometry\HitInfo.h">
      <Filter>Core\3Party\Math\MathGeoLib\Geometry</Filter>
    </ClInclude>
    <ClInclude Include="MathGeoLib\include\Geometry\KDTree.h">
      <Filter>Core\3Party\Math\MathGeoLib\Geometry</Filter>
    </ClInclude>
    <ClInclude Include="MathGeoLib\include\Geometry\Line.h">
      <Filter>Core\3Party\Math\MathGeoLib\Geometry</Filter>
    </ClInclude>
    <ClInclude Include="MathGeoLib\include\Geometry\LineSegment.h">
      <Filter>Core\3Party\Math\MathGeoLib\Geometry</Filter>
    </ClInclude>
    <ClInclude Include="MathGeoLib\include\Geometry\OBB.h">
      <Filter>Core\3Party\Math\MathGeoLib\Geometry</Filter>
    </ClInclude>
    <ClInclude Include="MathGeoLib\include\Geometry\PBVolume.h">
      <Filter>Core\3Party\Math\MathGeoLib\Geometry</Filter>
    </ClInclude>
    <ClInclude Include="MathGeoLib\include\Geometry\Plane.h">
      <Filter>Core\3Party\Math\MathGeoLib\Geometry</Filter>
    </ClInclude>
    <ClInclude Include="MathGeoLib\include\Geometry\Polygon.h">
      <Filter>Core\3Party\Math\MathGeoLib\Geometry</Filter>
    </ClInclude>
    <ClInclude Include="MathGeoLib\include\Geometry\Polyhedron.h">
      <Filter>Core\3Party\Math\MathGeoLib\Geometry</Filter>
    </ClInclude>
    <ClInclude Include="MathGeoLib\include\Geometry\QuadTree.h">
      <Filter>Core\3Party\Math\MathGeoLib\Geometry</Filter>
    </ClInclude>
    <ClInclude Include="MathGeoLib\include\Geometry\Ray.h">
      <Filter>Core\3Party\Math\MathGeoLib\Geometry</Filter>
    </ClInclude>
    <ClInclude Include="MathGeoLib\include\Geometry\Sphere.h">
      <Filter>Core\3Party\Math\MathGeoLib\Geometry</Filter>
    </ClInclude>
    <ClInclude Include="MathGeoLib\include\Geometry\Triangle.h">
      <Filter>Core\3Party\Math\MathGeoLib\Geometry</Filter>
    </ClInclude>
    <ClInclude Include="MathGeoLib\include\Geometry\TriangleMesh.h">
      <Filter>Core\3Party\Math\MathGeoLib\Geometry</Filter>
    </ClInclude>
    <ClInclude Include="MathGeoLib\include\Math\assume.h">
      <Filter>Core\3Party\Math\MathGeoLib\Math</Filter>
    </ClInclude>
    <ClInclude Include="MathGeoLib\include\Math\BitOps.h">
      <Filter>Core\3Party\Math\MathGeoLib\Math</Filter>
    </ClInclude>
    <ClInclude Include="MathGeoLib\include\Math\Complex.h">
      <Filter>Core\3Party\Math\MathGeoLib\Math</Filter>
    </ClInclude>
    <ClInclude Include="MathGeoLib\include\Math\CoordinateAxisConvention.h">
      <Filter>Core\3Party\Math\MathGeoLib\Math</Filter>
    </ClInclude>
    <ClInclude Include="MathGeoLib\include\Math\FixedPoint.h">
      <Filter>Core\3Party\Math\MathGeoLib\Math</Filter>
    </ClInclude>
    <ClInclude Include="MathGeoLib\include\Math\float2.h">
      <Filter>Core\3Party\Math\MathGeoLib\Math</Filter>
    </ClInclude>
    <ClInclude Include="MathGeoLib\include\Math\float3.h">
      <Filter>Core\3Party\Math\MathGeoLib\Math</Filter>
    </ClInclude>
    <ClInclude Include="MathGeoLib\include\Math\float3x3.h">
      <Filter>Core\3Party\Math\MathGeoLib\Math</Filter>
    </ClInclude>
    <ClInclude Include="MathGeoLib\include\Math\float3x4.h">
      <Filter>Core\3Party\Math\MathGeoLib\Math</Filter>
    </ClInclude>
    <ClInclude Include="MathGeoLib\include\Math\float4.h">
      <Filter>Core\3Party\Math\MathGeoLib\Math</Filter>
    </ClInclude>
    <ClInclude Include="MathGeoLib\include\Math\float4_neon.h">
      <Filter>Core\3Party\Math\MathGeoLib\Math</Filter>
    </ClInclude>
    <ClInclude Include="MathGeoLib\include\Math\float4_sse.h">
      <Filter>Core\3Party\Math\MathGeoLib\Math</Filter>
    </ClInclude>
    <ClInclude Include="MathGeoLib\include\Math\float4x4.h">
      <Filter>Core\3Party\Math\MathGeoLib\Math</Filter>
    </ClInclude>
    <ClInclude Include="MathGeoLib\include\Math\float4x4_neon.h">
      <Filter>Core\3Party\Math\MathGeoLib\Math</Filter>
    </ClInclude>
    <ClInclude Include="MathGeoLib\include\Math\float4x4_sse.h">
      <Filter>Core\3Party\Math\MathGeoLib\Math</Filter>
    </ClInclude>
    <ClInclude Include="MathGeoLib\include\Math\FloatCmp.h">
      <Filter>Core\3Party\Math\MathGeoLib\Math</Filter>
    </ClInclude>
    <ClInclude Include="MathGeoLib\include\Math\MathAll.h">
      <Filter>Core\3Party\Math\MathGeoLib\Math</Filter>
    </ClInclude>
    <ClInclude Include="MathGeoLib\include\Math\MathConstants.h">
      <Filter>Core\3Party\Math\MathGeoLib\Math</Filter>
    </ClInclude>
    <ClInclude Include="MathGeoLib\include\Math\MathFunc.h">
      <Filter>Core\3Party\Math\MathGeoLib\Math</Filter>
    </ClInclude>
    <ClInclude Include="MathGeoLib\include\Math\MathLog.h">
      <Filter>Core\3Party\Math\MathGeoLib\Math</Filter>
    </ClInclude>
    <ClInclude Include="MathGeoLib\include\Math\MathNamespace.h">
      <Filter>Core\3Party\Math\MathGeoLib\Math</Filter>
    </ClInclude>
    <ClInclude Include="MathGeoLib\include\Math\MathTypes.h">
      <Filter>Core\3Party\Math\MathGeoLib\Math</Filter>
    </ClInclude>
    <ClInclude Include="MathGeoLib\include\Math\MatrixProxy.h">
      <Filter>Core\3Party\Math\MathGeoLib\Math</Filter>
    </ClInclude>
    <ClInclude Include="MathGeoLib\include\Math\myassert.h">
      <Filter>Core\3Party\Math\MathGeoLib\Math</Filter>
    </ClInclude>
    <ClInclude Include="MathGeoLib\include\Math\Polynomial.h">
      <Filter>Core\3Party\Math\MathGeoLib\Math</Filter>
    </ClInclude>
    <ClInclude Include="MathGeoLib\include\Math\Quat.h">
      <Filter>Core\3Party\Math\MathGeoLib\Math</Filter>
    </ClInclude>
    <ClInclude Include="MathGeoLib\include\Math\quat_simd.h">
      <Filter>Core\3Party\Math\MathGeoLib\Math</Filter>
    </ClInclude>
    <ClInclude Include="MathGeoLib\include\Math\Rect.h">
      <Filter>Core\3Party\Math\MathGeoLib\Math</Filter>
    </ClInclude>
    <ClInclude Include="MathGeoLib\include\Math\Reinterpret.h">
      <Filter>Core\3Party\Math\MathGeoLib\Math</Filter>
    </ClInclude>
    <ClInclude Include="MathGeoLib\include\Math\sse_mathfun.h">
      <Filter>Core\3Party\Math\MathGeoLib\Math</Filter>
    </ClInclude>
    <ClInclude Include="MathGeoLib\include\Math\SSEMath.h">
      <Filter>Core\3Party\Math\MathGeoLib\Math</Filter>
    </ClInclude>
    <ClInclude Include="MathGeoLib\include\Math\TransformOps.h">
      <Filter>Core\3Party\Math\MathGeoLib\Math</Filter>
    </ClInclude>
    <ClInclude Include="MathGeoLib\include\Time\Clock.h">
      <Filter>Core\3Party\Math\MathGeoLib\Time</Filter>
    </ClInclude>
    <ClInclude Include="MathGeoLib\include\MathBuildConfig.h">
      <Filter>Core\3Party\Math\MathGeoLib</Filter>
    </ClInclude>
    <ClInclude Include="MathGeoLib\include\MathGeoLib.h">
      <Filter>Core\3Party\Math\MathGeoLib</Filter>
    </ClInclude>
    <ClInclude Include="MathGeoLib\include\MathGeoLibFwd.h">
      <Filter>Core\3Party\Math\MathGeoLib</Filter>
    </ClInclude>
    <ClInclude Include="UI_Inspector.h">
      <Filter>Core\UI</Filter>
    </ClInclude>
    <ClInclude Include="UI_Hierarchy.h">
      <Filter>Core\UI</Filter>
    </ClInclude>
    <ClInclude Include="Transform.h">
      <Filter>Core\GameObjects\Components</Filter>
    </ClInclude>
    <ClInclude Include="Camera.h">
      <Filter>Core\GameObjects\Components</Filter>
    </ClInclude>
    <ClInclude Include="JOctree.h">
      <Filter>Core\Containers</Filter>
    </ClInclude>
    <ClInclude Include="FileParser.h">
      <Filter>Core\Tools</Filter>
    </ClInclude>
    <ClInclude Include="UI_Tree.h">
      <Filter>Core\UI</Filter>
    </ClInclude>
    <ClInclude Include="ModuleGOManager.h">
      <Filter>Core\Modules</Filter>
    </ClInclude>
    <ClInclude Include="Resource.h">
      <Filter>Core\ResourceManagement\Resources</Filter>
    </ClInclude>
    <ClInclude Include="ResourceMesh.h">
      <Filter>Core\ResourceManagement\Resources</Filter>
    </ClInclude>
    <ClInclude Include="ModuleResourceManager.h">
      <Filter>Core\ResourceManagement</Filter>
    </ClInclude>
    <ClInclude Include="ImporterMesh.h">
      <Filter>Core\ResourceManagement\Importers</Filter>
    </ClInclude>
    <ClInclude Include="Importer.h">
      <Filter>Core\ResourceManagement\Importers</Filter>
    </ClInclude>
    <ClInclude Include="Application.h">
      <Filter>Core\MAIN</Filter>
    </ClInclude>
    <ClInclude Include="ImporterTexture.h">
      <Filter>Core\ResourceManagement\Importers</Filter>
    </ClInclude>
    <ClInclude Include="ResourceTexture.h">
      <Filter>Core\ResourceManagement\Resources</Filter>
    </ClInclude>
    <ClInclude Include="parson\parson.h">
      <Filter>Core\3Party\parson</Filter>
    </ClInclude>
    <ClInclude Include="Event.h">
      <Filter>Core\Tools</Filter>
    </ClInclude>
    <ClInclude Include="ModuleEventSystem.h">
      <Filter>Core\Modules</Filter>
    </ClInclude>
    <ClInclude Include="Time.h">
      <Filter>Core\Tools</Filter>
    </ClInclude>
  </ItemGroup>
  <ItemGroup>
    <None Include="MathGeoLib\include\Geometry\KDTree.inl">
      <Filter>Core\3Party\Math\MathGeoLib\Geometry</Filter>
    </None>
    <None Include="MathGeoLib\include\Geometry\QuadTree.inl">
      <Filter>Core\3Party\Math\MathGeoLib\Geometry</Filter>
    </None>
    <None Include="MathGeoLib\include\Geometry\TriangleMesh_IntersectRay_AVX.inl">
      <Filter>Core\3Party\Math\MathGeoLib\Geometry</Filter>
    </None>
    <None Include="MathGeoLib\include\Geometry\TriangleMesh_IntersectRay_CPP.inl">
      <Filter>Core\3Party\Math\MathGeoLib\Geometry</Filter>
    </None>
    <None Include="MathGeoLib\include\Geometry\TriangleMesh_IntersectRay_SSE.inl">
      <Filter>Core\3Party\Math\MathGeoLib\Geometry</Filter>
    </None>
    <None Include="MathGeoLib\include\Math\Matrix.inl">
      <Filter>Core\3Party\Math\MathGeoLib\Math</Filter>
    </None>
  </ItemGroup>
</Project>