<?xml version="1.0" encoding="utf-8"?>
<Project ToolsVersion="4.0" xmlns="http://schemas.microsoft.com/developer/msbuild/2003">
  <ItemGroup>
    <Filter Include="Core">
      <UniqueIdentifier>{4FC737F1-C7A5-4376-A066-2A32D752A2FF}</UniqueIdentifier>
      <Extensions>cpp;c;cc;cxx;def;odl;idl;hpj;bat;asm;asmx</Extensions>
    </Filter>
    <Filter Include="Core\Modules">
      <UniqueIdentifier>{64b82488-a764-43d2-9f35-ad5f4225ba5c}</UniqueIdentifier>
    </Filter>
    <Filter Include="Core\Tools">
      <UniqueIdentifier>{7339ea43-24ce-42c1-adb1-ce02c35633fd}</UniqueIdentifier>
    </Filter>
    <Filter Include="Core\Containers">
      <UniqueIdentifier>{b96e8b00-7206-4951-a8ff-1d31834e32a0}</UniqueIdentifier>
    </Filter>
    <Filter Include="Core\Helpers">
      <UniqueIdentifier>{704aff7c-bb39-4d69-a12a-344edd397b6b}</UniqueIdentifier>
    </Filter>
    <Filter Include="Core\3Party">
      <UniqueIdentifier>{4e6c73c5-1358-467f-97ff-53e23a15caeb}</UniqueIdentifier>
    </Filter>
    <Filter Include="Core\3Party\ImGui">
      <UniqueIdentifier>{bfb84631-9c1a-40ca-b2a4-30a404e71a9d}</UniqueIdentifier>
    </Filter>
    <Filter Include="Core\Math">
      <UniqueIdentifier>{e3e74c8b-7a51-4724-8e74-7f27965643db}</UniqueIdentifier>
    </Filter>
    <Filter Include="Core\UI">
      <UniqueIdentifier>{5b7ab48d-03d8-44ca-b2f5-9a9541651abc}</UniqueIdentifier>
    </Filter>
    <Filter Include="Core\3Party\Parson">
      <UniqueIdentifier>{d0c1f451-ac9a-4dbc-ab44-37eecdcf4d34}</UniqueIdentifier>
    </Filter>
  </ItemGroup>
  <ItemGroup>
    <ClCompile Include="Main.cpp">
      <Filter>Core</Filter>
    </ClCompile>
    <ClCompile Include="ModuleAudio.cpp">
      <Filter>Core\Modules</Filter>
    </ClCompile>
    <ClCompile Include="ModuleCamera3D.cpp">
      <Filter>Core\Modules</Filter>
    </ClCompile>
    <ClCompile Include="ModuleInput.cpp">
      <Filter>Core\Modules</Filter>
    </ClCompile>
    <ClCompile Include="ModulePhysics3D.cpp">
      <Filter>Core\Modules</Filter>
    </ClCompile>
    <ClCompile Include="ModuleRenderer3D.cpp">
      <Filter>Core\Modules</Filter>
    </ClCompile>
    <ClCompile Include="ModuleWindow.cpp">
      <Filter>Core\Modules</Filter>
    </ClCompile>
    <ClCompile Include="Color.cpp">
      <Filter>Core\Containers</Filter>
    </ClCompile>
    <ClCompile Include="glmath.cpp">
      <Filter>Core\Containers</Filter>
    </ClCompile>
    <ClCompile Include="Light.cpp">
      <Filter>Core\Helpers</Filter>
    </ClCompile>
    <ClCompile Include="PhysBody3D.cpp">
      <Filter>Core\Helpers</Filter>
    </ClCompile>
    <ClCompile Include="Primitive.cpp">
      <Filter>Core\Helpers</Filter>
    </ClCompile>
    <ClCompile Include="Timer.cpp">
      <Filter>Core\Tools</Filter>
    </ClCompile>
    <ClCompile Include="imGUI\imgui.cpp">
      <Filter>Core\3Party\ImGui</Filter>
    </ClCompile>
    <ClCompile Include="imGUI\imgui_demo.cpp">
      <Filter>Core\3Party\ImGui</Filter>
    </ClCompile>
    <ClCompile Include="imGUI\imgui_draw.cpp">
      <Filter>Core\3Party\ImGui</Filter>
    </ClCompile>
    <ClCompile Include="imGUI\imgui_impl_sdl_gl3.cpp">
      <Filter>Core\3Party\ImGui</Filter>
    </ClCompile>
    <ClCompile Include="Application.cpp">
      <Filter>Core</Filter>
    </ClCompile>
    <ClCompile Include="ModuleEditor.cpp">
      <Filter>Core\Modules</Filter>
    </ClCompile>
    <ClCompile Include="Globals.cpp">
      <Filter>Core\Tools</Filter>
    </ClCompile>
    <ClCompile Include="UI_Comp.cpp">
      <Filter>Core\UI</Filter>
    </ClCompile>
    <ClCompile Include="UI_Conf.cpp">
      <Filter>Core\UI</Filter>
    </ClCompile>
    <ClCompile Include="ModuleFileSystem.cpp">
      <Filter>Core\Modules</Filter>
    </ClCompile>
    <ClCompile Include="UI_Console.cpp">
      <Filter>Core\UI</Filter>
    </ClCompile>
    <ClCompile Include="DrawDebug.cpp">
      <Filter>Core\Helpers</Filter>
    </ClCompile>
    <ClCompile Include="HrdInfo.cpp">
      <Filter>Core\Helpers</Filter>
    </ClCompile>
    <ClCompile Include="ModuleImporter.cpp">
      <Filter>Core\Modules</Filter>
    </ClCompile>
    <ClCompile Include="parson.c">
      <Filter>Core\3Party\Parson</Filter>
    </ClCompile>
  </ItemGroup>
  <ItemGroup>
    <ClInclude Include="Module.h">
      <Filter>Core\Modules</Filter>
    </ClInclude>
    <ClInclude Include="ModuleAudio.h">
      <Filter>Core\Modules</Filter>
    </ClInclude>
    <ClInclude Include="ModuleCamera3D.h">
      <Filter>Core\Modules</Filter>
    </ClInclude>
    <ClInclude Include="ModuleInput.h">
      <Filter>Core\Modules</Filter>
    </ClInclude>
    <ClInclude Include="ModulePhysics3D.h">
      <Filter>Core\Modules</Filter>
    </ClInclude>
    <ClInclude Include="ModuleRenderer3D.h">
      <Filter>Core\Modules</Filter>
    </ClInclude>
    <ClInclude Include="ModuleWindow.h">
      <Filter>Core\Modules</Filter>
    </ClInclude>
    <ClInclude Include="Color.h">
      <Filter>Core\Containers</Filter>
    </ClInclude>
    <ClInclude Include="glmath.h">
      <Filter>Core\Containers</Filter>
    </ClInclude>
    <ClInclude Include="p2DynArray.h">
      <Filter>Core\Containers</Filter>
    </ClInclude>
    <ClInclude Include="p2List.h">
      <Filter>Core\Containers</Filter>
    </ClInclude>
    <ClInclude Include="p2Point.h">
      <Filter>Core\Containers</Filter>
    </ClInclude>
    <ClInclude Include="Light.h">
      <Filter>Core\Helpers</Filter>
    </ClInclude>
    <ClInclude Include="PhysBody3D.h">
      <Filter>Core\Helpers</Filter>
    </ClInclude>
    <ClInclude Include="Primitive.h">
      <Filter>Core\Helpers</Filter>
    </ClInclude>
    <ClInclude Include="Timer.h">
      <Filter>Core\Tools</Filter>
    </ClInclude>
    <ClInclude Include="imGUI\imconfig.h">
      <Filter>Core\3Party\ImGui</Filter>
    </ClInclude>
    <ClInclude Include="imGUI\imgui.h">
      <Filter>Core\3Party\ImGui</Filter>
    </ClInclude>
    <ClInclude Include="imGUI\imgui_impl_sdl_gl3.h">
      <Filter>Core\3Party\ImGui</Filter>
    </ClInclude>
    <ClInclude Include="imGUI\imgui_internal.h">
      <Filter>Core\3Party\ImGui</Filter>
    </ClInclude>
    <ClInclude Include="imGUI\stb_rect_pack.h">
      <Filter>Core\3Party\ImGui</Filter>
    </ClInclude>
    <ClInclude Include="imGUI\stb_textedit.h">
      <Filter>Core\3Party\ImGui</Filter>
    </ClInclude>
    <ClInclude Include="imGUI\stb_truetype.h">
      <Filter>Core\3Party\ImGui</Filter>
    </ClInclude>
    <ClInclude Include="Application.h">
      <Filter>Core</Filter>
    </ClInclude>
    <ClInclude Include="Math.h">
      <Filter>Core\Math</Filter>
    </ClInclude>
    <ClInclude Include="OpenGL.h">
      <Filter>Core\Tools</Filter>
    </ClInclude>
    <ClInclude Include="ModuleEditor.h">
      <Filter>Core\Modules</Filter>
    </ClInclude>
    <ClInclude Include="Globals.h">
      <Filter>Core\Tools</Filter>
    </ClInclude>
    <ClInclude Include="UI_Comp.h">
      <Filter>Core\UI</Filter>
    </ClInclude>
    <ClInclude Include="UI_Conf.h">
      <Filter>Core\UI</Filter>
    </ClInclude>
    <ClInclude Include="ModuleFileSystem.h">
      <Filter>Core\Modules</Filter>
    </ClInclude>
    <ClInclude Include="UI_Console.h">
      <Filter>Core\UI</Filter>
    </ClInclude>
    <ClInclude Include="DrawDebug.h">
      <Filter>Core\Helpers</Filter>
    </ClInclude>
    <ClInclude Include="HrdInfo.h">
      <Filter>Core\Helpers</Filter>
    </ClInclude>
    <ClInclude Include="OpenGLDraws.h">
      <Filter>Core\Helpers</Filter>
    </ClInclude>
    <ClInclude Include="ModuleImporter.h">
      <Filter>Core\Modules</Filter>
    </ClInclude>
    <ClInclude Include="parson.h">
      <Filter>Core\3Party\Parson</Filter>
    </ClInclude>
  </ItemGroup>
</Project>